
Microsoft Visual Studio Solution File, Format Version 12.00
# Visual Studio Version 17
VisualStudioVersion = 17.1.32319.34
MinimumVisualStudioVersion = 10.0.40219.1
Project("{FAE04EC0-301F-11D3-BF4B-00C04F79EFBC}") = "JWTAuthentication", "JWTAuthentication\JWTAuthentication.csproj", "{FBD382C9-AA82-4F01-B841-E11FBBEEE337}"
EndProject
Global
	GlobalSection(SolutionConfigurationPlatforms) = preSolution
		Debug|Any CPU = Debug|Any CPU
		Release|Any CPU = Release|Any CPU
	EndGlobalSection
	GlobalSection(ProjectConfigurationPlatforms) = postSolution
		{FBD382C9-AA82-4F01-B841-E11FBBEEE337}.Debug|Any CPU.ActiveCfg = Debug|Any CPU
		{FBD382C9-AA82-4F01-B841-E11FBBEEE337}.Debug|Any CPU.Build.0 = Debug|Any CPU
		{FBD382C9-AA82-4F01-B841-E11FBBEEE337}.Release|Any CPU.ActiveCfg = Release|Any CPU
		{FBD382C9-AA82-4F01-B841-E11FBBEEE337}.Release|Any CPU.Build.0 = Release|Any CPU
	EndGlobalSection
	GlobalSection(SolutionProperties) = preSolution
		HideSolutionNode = FALSE
	EndGlobalSection
	GlobalSection(ExtensibilityGlobals) = postSolution
		SolutionGuid = {8B49A64E-0BBA-4CBC-99B7-A276F4605C1C}
	EndGlobalSection
EndGlobal
